
Microsoft Visual Studio Solution File, Format Version 12.00
# Visual Studio Version 17
VisualStudioVersion = 17.9.34701.34
MinimumVisualStudioVersion = 10.0.40219.1
Project("{FAE04EC0-301F-11D3-BF4B-00C04F79EFBC}") = "BloodDonationApp", "BloodDonationApp\BloodDonationApp.csproj", "{E321BD7B-F510-419B-A951-5C9F030498D2}"
EndProject
Project("{FAE04EC0-301F-11D3-BF4B-00C04F79EFBC}") = "DatabaseLayer", "DatabaseLayer\DatabaseLayer.csproj", "{6D2229F9-44D5-4F28-B379-4E60C5BE54E2}"
EndProject
Global
	GlobalSection(SolutionConfigurationPlatforms) = preSolution
		Debug|Any CPU = Debug|Any CPU
		Release|Any CPU = Release|Any CPU
	EndGlobalSection
	GlobalSection(ProjectConfigurationPlatforms) = postSolution
		{E321BD7B-F510-419B-A951-5C9F030498D2}.Debug|Any CPU.ActiveCfg = Debug|Any CPU
		{E321BD7B-F510-419B-A951-5C9F030498D2}.Debug|Any CPU.Build.0 = Debug|Any CPU
		{E321BD7B-F510-419B-A951-5C9F030498D2}.Release|Any CPU.ActiveCfg = Release|Any CPU
		{E321BD7B-F510-419B-A951-5C9F030498D2}.Release|Any CPU.Build.0 = Release|Any CPU
		{6D2229F9-44D5-4F28-B379-4E60C5BE54E2}.Debug|Any CPU.ActiveCfg = Debug|Any CPU
		{6D2229F9-44D5-4F28-B379-4E60C5BE54E2}.Debug|Any CPU.Build.0 = Debug|Any CPU
		{6D2229F9-44D5-4F28-B379-4E60C5BE54E2}.Release|Any CPU.ActiveCfg = Release|Any CPU
		{6D2229F9-44D5-4F28-B379-4E60C5BE54E2}.Release|Any CPU.Build.0 = Release|Any CPU
	EndGlobalSection
	GlobalSection(SolutionProperties) = preSolution
		HideSolutionNode = FALSE
	EndGlobalSection
	GlobalSection(ExtensibilityGlobals) = postSolution
		SolutionGuid = {969E46A0-062B-4E63-8EA9-49F578E724D1}
	EndGlobalSection
EndGlobal
